// !$*UTF8*$!
{
	archiveVersion = 1;
	classes = {
	};
	objectVersion = 55;
	objects = {

/* Begin PBXBuildFile section */
		2E0A6E66273DB5410064DA55 /* COLOR.swift in Sources */ = {isa = PBXBuildFile; fileRef = 2E0A6E65273DB5410064DA55 /* COLOR.swift */; };
		2E0A6E68273DB5580064DA55 /* Helpers.swift in Sources */ = {isa = PBXBuildFile; fileRef = 2E0A6E67273DB5580064DA55 /* Helpers.swift */; };
		2E0A6E6A273DB5690064DA55 /* Slider.swift in Sources */ = {isa = PBXBuildFile; fileRef = 2E0A6E69273DB5690064DA55 /* Slider.swift */; };
		2E22CF9C2713AE370014A340 /* BloomApp.swift in Sources */ = {isa = PBXBuildFile; fileRef = 2E22CF9B2713AE370014A340 /* BloomApp.swift */; };
		2E22CF9E2713AE370014A340 /* ContentView.swift in Sources */ = {isa = PBXBuildFile; fileRef = 2E22CF9D2713AE370014A340 /* ContentView.swift */; };
		2E22CFA02713AE380014A340 /* Assets.xcassets in Resources */ = {isa = PBXBuildFile; fileRef = 2E22CF9F2713AE380014A340 /* Assets.xcassets */; };
		2E22CFA32713AE380014A340 /* Preview Assets.xcassets in Resources */ = {isa = PBXBuildFile; fileRef = 2E22CFA22713AE380014A340 /* Preview Assets.xcassets */; };
		2E2A4F282746F03A00564479 /* Animations.swift in Sources */ = {isa = PBXBuildFile; fileRef = 2E2A4F272746F03A00564479 /* Animations.swift */; };
		2E2A4F2A2746F5A500564479 /* Connections.swift in Sources */ = {isa = PBXBuildFile; fileRef = 2E2A4F292746F5A500564479 /* Connections.swift */; };
		2E4D63EB27482DA500431575 /* MainView.swift in Sources */ = {isa = PBXBuildFile; fileRef = 2E4D63EA27482DA500431575 /* MainView.swift */; };
		2E4D63ED2748322400431575 /* Audio.swift in Sources */ = {isa = PBXBuildFile; fileRef = 2E4D63EC2748322400431575 /* Audio.swift */; };
		2E8A864D271BCF2C00326DE6 /* PickerView.swift in Sources */ = {isa = PBXBuildFile; fileRef = 2E8A864C271BCF2C00326DE6 /* PickerView.swift */; };
		2EE8991C275200E9007FA939 /* BLEManager.swift in Sources */ = {isa = PBXBuildFile; fileRef = 2EE8991B275200E9007FA939 /* BLEManager.swift */; };
/* End PBXBuildFile section */

/* Begin PBXFileReference section */
		2E0A6E65273DB5410064DA55 /* COLOR.swift */ = {isa = PBXFileReference; lastKnownFileType = sourcecode.swift; path = COLOR.swift; sourceTree = "<group>"; };
		2E0A6E67273DB5580064DA55 /* Helpers.swift */ = {isa = PBXFileReference; lastKnownFileType = sourcecode.swift; path = Helpers.swift; sourceTree = "<group>"; };
		2E0A6E69273DB5690064DA55 /* Slider.swift */ = {isa = PBXFileReference; lastKnownFileType = sourcecode.swift; path = Slider.swift; sourceTree = "<group>"; };
		2E22CF982713AE370014A340 /* Bloom.app */ = {isa = PBXFileReference; explicitFileType = wrapper.application; includeInIndex = 0; path = Bloom.app; sourceTree = BUILT_PRODUCTS_DIR; };
		2E22CF9B2713AE370014A340 /* BloomApp.swift */ = {isa = PBXFileReference; lastKnownFileType = sourcecode.swift; path = BloomApp.swift; sourceTree = "<group>"; };
		2E22CF9D2713AE370014A340 /* ContentView.swift */ = {isa = PBXFileReference; lastKnownFileType = sourcecode.swift; path = ContentView.swift; sourceTree = "<group>"; };
		2E22CF9F2713AE380014A340 /* Assets.xcassets */ = {isa = PBXFileReference; lastKnownFileType = folder.assetcatalog; path = Assets.xcassets; sourceTree = "<group>"; };
		2E22CFA22713AE380014A340 /* Preview Assets.xcassets */ = {isa = PBXFileReference; lastKnownFileType = folder.assetcatalog; path = "Preview Assets.xcassets"; sourceTree = "<group>"; };
		2E2A4F272746F03A00564479 /* Animations.swift */ = {isa = PBXFileReference; lastKnownFileType = sourcecode.swift; path = Animations.swift; sourceTree = "<group>"; };
		2E2A4F292746F5A500564479 /* Connections.swift */ = {isa = PBXFileReference; lastKnownFileType = sourcecode.swift; path = Connections.swift; sourceTree = "<group>"; };
		2E4D63EA27482DA500431575 /* MainView.swift */ = {isa = PBXFileReference; lastKnownFileType = sourcecode.swift; path = MainView.swift; sourceTree = "<group>"; };
		2E4D63EC2748322400431575 /* Audio.swift */ = {isa = PBXFileReference; lastKnownFileType = sourcecode.swift; path = Audio.swift; sourceTree = "<group>"; };
		2E8A864C271BCF2C00326DE6 /* PickerView.swift */ = {isa = PBXFileReference; lastKnownFileType = sourcecode.swift; path = PickerView.swift; sourceTree = "<group>"; };
		2E9F1D6F273DC2E100C74107 /* Info.plist */ = {isa = PBXFileReference; lastKnownFileType = text.plist; path = Info.plist; sourceTree = "<group>"; };
		2EE8991B275200E9007FA939 /* BLEManager.swift */ = {isa = PBXFileReference; lastKnownFileType = sourcecode.swift; path = BLEManager.swift; sourceTree = "<group>"; };
/* End PBXFileReference section */

/* Begin PBXFrameworksBuildPhase section */
		2E22CF952713AE370014A340 /* Frameworks */ = {
			isa = PBXFrameworksBuildPhase;
			buildActionMask = 2147483647;
			files = (
			);
			runOnlyForDeploymentPostprocessing = 0;
		};
/* End PBXFrameworksBuildPhase section */

/* Begin PBXGroup section */
		2E18745E2748A7E2001DBE95 /* Different Views */ = {
			isa = PBXGroup;
			children = (
				2E4D63EC2748322400431575 /* Audio.swift */,
				2E2A4F292746F5A500564479 /* Connections.swift */,
				2E2A4F272746F03A00564479 /* Animations.swift */,
			);
			path = "Different Views";
			sourceTree = "<group>";
		};
		2E1874602748A8BE001DBE95 /* External Project */ = {
			isa = PBXGroup;
			children = (
				2E8A864C271BCF2C00326DE6 /* PickerView.swift */,
				2E1874612748A8DC001DBE95 /* Color Wheel */,
			);
			path = "External Project";
			sourceTree = "<group>";
		};
		2E1874612748A8DC001DBE95 /* Color Wheel */ = {
			isa = PBXGroup;
			children = (
				2E0A6E67273DB5580064DA55 /* Helpers.swift */,
				2E0A6E65273DB5410064DA55 /* COLOR.swift */,
				2E0A6E69273DB5690064DA55 /* Slider.swift */,
			);
			path = "Color Wheel";
			sourceTree = "<group>";
		};
		2E22CF8F2713AE370014A340 = {
			isa = PBXGroup;
			children = (
				2E22CF9A2713AE370014A340 /* Bloom */,
				2E22CF992713AE370014A340 /* Products */,
			);
			sourceTree = "<group>";
		};
		2E22CF992713AE370014A340 /* Products */ = {
			isa = PBXGroup;
			children = (
				2E22CF982713AE370014A340 /* Bloom.app */,
			);
			name = Products;
			sourceTree = "<group>";
		};
		2E22CF9A2713AE370014A340 /* Bloom */ = {
			isa = PBXGroup;
			children = (
				2E1874602748A8BE001DBE95 /* External Project */,
				2E18745E2748A7E2001DBE95 /* Different Views */,
				2E9F1D6F273DC2E100C74107 /* Info.plist */,
				2E22CF9B2713AE370014A340 /* BloomApp.swift */,
				2E22CF9D2713AE370014A340 /* ContentView.swift */,
				2EE8991B275200E9007FA939 /* BLEManager.swift */,
				2E4D63EA27482DA500431575 /* MainView.swift */,
				2E22CF9F2713AE380014A340 /* Assets.xcassets */,
				2E22CFA12713AE380014A340 /* Preview Content */,
			);
			path = Bloom;
			sourceTree = "<group>";
		};
		2E22CFA12713AE380014A340 /* Preview Content */ = {
			isa = PBXGroup;
			children = (
				2E22CFA22713AE380014A340 /* Preview Assets.xcassets */,
			);
			path = "Preview Content";
			sourceTree = "<group>";
		};
/* End PBXGroup section */

/* Begin PBXNativeTarget section */
		2E22CF972713AE370014A340 /* Bloom */ = {
			isa = PBXNativeTarget;
			buildConfigurationList = 2E22CFA62713AE380014A340 /* Build configuration list for PBXNativeTarget "Bloom" */;
			buildPhases = (
				2E22CF942713AE370014A340 /* Sources */,
				2E22CF952713AE370014A340 /* Frameworks */,
				2E22CF962713AE370014A340 /* Resources */,
			);
			buildRules = (
			);
			dependencies = (
			);
			name = Bloom;
			productName = Bloom;
			productReference = 2E22CF982713AE370014A340 /* Bloom.app */;
			productType = "com.apple.product-type.application";
		};
/* End PBXNativeTarget section */

/* Begin PBXProject section */
		2E22CF902713AE370014A340 /* Project object */ = {
			isa = PBXProject;
			attributes = {
				BuildIndependentTargetsInParallel = 1;
				LastSwiftUpdateCheck = 1300;
				LastUpgradeCheck = 1300;
				TargetAttributes = {
					2E22CF972713AE370014A340 = {
						CreatedOnToolsVersion = 13.0;
					};
				};
			};
			buildConfigurationList = 2E22CF932713AE370014A340 /* Build configuration list for PBXProject "Bloom" */;
			compatibilityVersion = "Xcode 13.0";
			developmentRegion = en;
			hasScannedForEncodings = 0;
			knownRegions = (
				en,
				Base,
			);
			mainGroup = 2E22CF8F2713AE370014A340;
			productRefGroup = 2E22CF992713AE370014A340 /* Products */;
			projectDirPath = "";
			projectRoot = "";
			targets = (
				2E22CF972713AE370014A340 /* Bloom */,
			);
		};
/* End PBXProject section */

/* Begin PBXResourcesBuildPhase section */
		2E22CF962713AE370014A340 /* Resources */ = {
			isa = PBXResourcesBuildPhase;
			buildActionMask = 2147483647;
			files = (
				2E22CFA32713AE380014A340 /* Preview Assets.xcassets in Resources */,
				2E22CFA02713AE380014A340 /* Assets.xcassets in Resources */,
			);
			runOnlyForDeploymentPostprocessing = 0;
		};
/* End PBXResourcesBuildPhase section */

/* Begin PBXSourcesBuildPhase section */
		2E22CF942713AE370014A340 /* Sources */ = {
			isa = PBXSourcesBuildPhase;
			buildActionMask = 2147483647;
			files = (
				2E8A864D271BCF2C00326DE6 /* PickerView.swift in Sources */,
				2E4D63EB27482DA500431575 /* MainView.swift in Sources */,
				2E0A6E66273DB5410064DA55 /* COLOR.swift in Sources */,
				2E22CF9E2713AE370014A340 /* ContentView.swift in Sources */,
				2EE8991C275200E9007FA939 /* BLEManager.swift in Sources */,
				2E4D63ED2748322400431575 /* Audio.swift in Sources */,
				2E0A6E68273DB5580064DA55 /* Helpers.swift in Sources */,
				2E0A6E6A273DB5690064DA55 /* Slider.swift in Sources */,
				2E22CF9C2713AE370014A340 /* BloomApp.swift in Sources */,
				2E2A4F282746F03A00564479 /* Animations.swift in Sources */,
				2E2A4F2A2746F5A500564479 /* Connections.swift in Sources */,
			);
			runOnlyForDeploymentPostprocessing = 0;
		};
/* End PBXSourcesBuildPhase section */

/* Begin XCBuildConfiguration section */
		2E22CFA42713AE380014A340 /* Debug */ = {
			isa = XCBuildConfiguration;
			buildSettings = {
				ALWAYS_SEARCH_USER_PATHS = NO;
				CLANG_ANALYZER_NONNULL = YES;
				CLANG_ANALYZER_NUMBER_OBJECT_CONVERSION = YES_AGGRESSIVE;
				CLANG_CXX_LANGUAGE_STANDARD = "gnu++17";
				CLANG_CXX_LIBRARY = "libc++";
				CLANG_ENABLE_MODULES = YES;
				CLANG_ENABLE_OBJC_ARC = YES;
				CLANG_ENABLE_OBJC_WEAK = YES;
				CLANG_WARN_BLOCK_CAPTURE_AUTORELEASING = YES;
				CLANG_WARN_BOOL_CONVERSION = YES;
				CLANG_WARN_COMMA = YES;
				CLANG_WARN_CONSTANT_CONVERSION = YES;
				CLANG_WARN_DEPRECATED_OBJC_IMPLEMENTATIONS = YES;
				CLANG_WARN_DIRECT_OBJC_ISA_USAGE = YES_ERROR;
				CLANG_WARN_DOCUMENTATION_COMMENTS = YES;
				CLANG_WARN_EMPTY_BODY = YES;
				CLANG_WARN_ENUM_CONVERSION = YES;
				CLANG_WARN_INFINITE_RECURSION = YES;
				CLANG_WARN_INT_CONVERSION = YES;
				CLANG_WARN_NON_LITERAL_NULL_CONVERSION = YES;
				CLANG_WARN_OBJC_IMPLICIT_RETAIN_SELF = YES;
				CLANG_WARN_OBJC_LITERAL_CONVERSION = YES;
				CLANG_WARN_OBJC_ROOT_CLASS = YES_ERROR;
				CLANG_WARN_QUOTED_INCLUDE_IN_FRAMEWORK_HEADER = YES;
				CLANG_WARN_RANGE_LOOP_ANALYSIS = YES;
				CLANG_WARN_STRICT_PROTOTYPES = YES;
				CLANG_WARN_SUSPICIOUS_MOVE = YES;
				CLANG_WARN_UNGUARDED_AVAILABILITY = YES_AGGRESSIVE;
				CLANG_WARN_UNREACHABLE_CODE = YES;
				CLANG_WARN__DUPLICATE_METHOD_MATCH = YES;
				COPY_PHASE_STRIP = NO;
				DEBUG_INFORMATION_FORMAT = dwarf;
				ENABLE_STRICT_OBJC_MSGSEND = YES;
				ENABLE_TESTABILITY = YES;
				GCC_C_LANGUAGE_STANDARD = gnu11;
				GCC_DYNAMIC_NO_PIC = NO;
				GCC_NO_COMMON_BLOCKS = YES;
				GCC_OPTIMIZATION_LEVEL = 0;
				GCC_PREPROCESSOR_DEFINITIONS = (
					"DEBUG=1",
					"$(inherited)",
				);
				GCC_WARN_64_TO_32_BIT_CONVERSION = YES;
				GCC_WARN_ABOUT_RETURN_TYPE = YES_ERROR;
				GCC_WARN_UNDECLARED_SELECTOR = YES;
				GCC_WARN_UNINITIALIZED_AUTOS = YES_AGGRESSIVE;
				GCC_WARN_UNUSED_FUNCTION = YES;
				GCC_WARN_UNUSED_VARIABLE = YES;
				IPHONEOS_DEPLOYMENT_TARGET = 15.0;
				MTL_ENABLE_DEBUG_INFO = INCLUDE_SOURCE;
				MTL_FAST_MATH = YES;
				ONLY_ACTIVE_ARCH = YES;
				SDKROOT = iphoneos;
				SWIFT_ACTIVE_COMPILATION_CONDITIONS = DEBUG;
				SWIFT_OPTIMIZATION_LEVEL = "-Onone";
			};
			name = Debug;
		};
		2E22CFA52713AE380014A340 /* Release */ = {
			isa = XCBuildConfiguration;
			buildSettings = {
				ALWAYS_SEARCH_USER_PATHS = NO;
				CLANG_ANALYZER_NONNULL = YES;
				CLANG_ANALYZER_NUMBER_OBJECT_CONVERSION = YES_AGGRESSIVE;
				CLANG_CXX_LANGUAGE_STANDARD = "gnu++17";
				CLANG_CXX_LIBRARY = "libc++";
				CLANG_ENABLE_MODULES = YES;
				CLANG_ENABLE_OBJC_ARC = YES;
				CLANG_ENABLE_OBJC_WEAK = YES;
				CLANG_WARN_BLOCK_CAPTURE_AUTORELEASING = YES;
				CLANG_WARN_BOOL_CONVERSION = YES;
				CLANG_WARN_COMMA = YES;
				CLANG_WARN_CONSTANT_CONVERSION = YES;
				CLANG_WARN_DEPRECATED_OBJC_IMPLEMENTATIONS = YES;
				CLANG_WARN_DIRECT_OBJC_ISA_USAGE = YES_ERROR;
				CLANG_WARN_DOCUMENTATION_COMMENTS = YES;
				CLANG_WARN_EMPTY_BODY = YES;
				CLANG_WARN_ENUM_CONVERSION = YES;
				CLANG_WARN_INFINITE_RECURSION = YES;
				CLANG_WARN_INT_CONVERSION = YES;
				CLANG_WARN_NON_LITERAL_NULL_CONVERSION = YES;
				CLANG_WARN_OBJC_IMPLICIT_RETAIN_SELF = YES;
				CLANG_WARN_OBJC_LITERAL_CONVERSION = YES;
				CLANG_WARN_OBJC_ROOT_CLASS = YES_ERROR;
				CLANG_WARN_QUOTED_INCLUDE_IN_FRAMEWORK_HEADER = YES;
				CLANG_WARN_RANGE_LOOP_ANALYSIS = YES;
				CLANG_WARN_STRICT_PROTOTYPES = YES;
				CLANG_WARN_SUSPICIOUS_MOVE = YES;
				CLANG_WARN_UNGUARDED_AVAILABILITY = YES_AGGRESSIVE;
				CLANG_WARN_UNREACHABLE_CODE = YES;
				CLANG_WARN__DUPLICATE_METHOD_MATCH = YES;
				COPY_PHASE_STRIP = NO;
				DEBUG_INFORMATION_FORMAT = "dwarf-with-dsym";
				ENABLE_NS_ASSERTIONS = NO;
				ENABLE_STRICT_OBJC_MSGSEND = YES;
				GCC_C_LANGUAGE_STANDARD = gnu11;
				GCC_NO_COMMON_BLOCKS = YES;
				GCC_WARN_64_TO_32_BIT_CONVERSION = YES;
				GCC_WARN_ABOUT_RETURN_TYPE = YES_ERROR;
				GCC_WARN_UNDECLARED_SELECTOR = YES;
				GCC_WARN_UNINITIALIZED_AUTOS = YES_AGGRESSIVE;
				GCC_WARN_UNUSED_FUNCTION = YES;
				GCC_WARN_UNUSED_VARIABLE = YES;
				IPHONEOS_DEPLOYMENT_TARGET = 15.0;
				MTL_ENABLE_DEBUG_INFO = NO;
				MTL_FAST_MATH = YES;
				SDKROOT = iphoneos;
				SWIFT_COMPILATION_MODE = wholemodule;
				SWIFT_OPTIMIZATION_LEVEL = "-O";
				VALIDATE_PRODUCT = YES;
			};
			name = Release;
		};
		2E22CFA72713AE380014A340 /* Debug */ = {
			isa = XCBuildConfiguration;
			buildSettings = {
				ASSETCATALOG_COMPILER_APPICON_NAME = AppIcon;
				ASSETCATALOG_COMPILER_GLOBAL_ACCENT_COLOR_NAME = AccentColor;
				CODE_SIGN_STYLE = Automatic;
				CURRENT_PROJECT_VERSION = 1;
				DEVELOPMENT_ASSET_PATHS = "\"Bloom/Preview Content\"";
				DEVELOPMENT_TEAM = 2527F2XBY8;
				ENABLE_PREVIEWS = YES;
				GENERATE_INFOPLIST_FILE = YES;
				INFOPLIST_FILE = Bloom/Info.plist;
				INFOPLIST_KEY_NSBluetoothAlwaysUsageDescription = "We use bluetooth for peripheral lights";
				INFOPLIST_KEY_UIApplicationSceneManifest_Generation = YES;
				INFOPLIST_KEY_UIApplicationSupportsIndirectInputEvents = YES;
				INFOPLIST_KEY_UIRequiredDeviceCapabilities = armv7;
				INFOPLIST_KEY_UISupportedInterfaceOrientations = "UIInterfaceOrientationPortrait UIInterfaceOrientationLandscapeLeft UIInterfaceOrientationLandscapeRight";
				INFOPLIST_KEY_UISupportedInterfaceOrientations_iPad = "UIInterfaceOrientationPortrait UIInterfaceOrientationPortraitUpsideDown UIInterfaceOrientationLandscapeLeft UIInterfaceOrientationLandscapeRight";
				INFOPLIST_KEY_UISupportedInterfaceOrientations_iPhone = "UIInterfaceOrientationPortrait UIInterfaceOrientationLandscapeLeft UIInterfaceOrientationLandscapeRight";
				INFOPLIST_KEY_UIUserInterfaceStyle = Light;
				IPHONEOS_DEPLOYMENT_TARGET = 14.0;
				LD_RUNPATH_SEARCH_PATHS = (
					"$(inherited)",
					"@executable_path/Frameworks",
				);
				MARKETING_VERSION = 1.0;
				PRODUCT_BUNDLE_IDENTIFIER = gcerpa.Bloom;
				PRODUCT_NAME = "$(TARGET_NAME)";
				SWIFT_EMIT_LOC_STRINGS = YES;
				SWIFT_VERSION = 5.0;
				TARGETED_DEVICE_FAMILY = "1,2";
			};
			name = Debug;
		};
		2E22CFA82713AE380014A340 /* Release */ = {
			isa = XCBuildConfiguration;
			buildSettings = {
				ASSETCATALOG_COMPILER_APPICON_NAME = AppIcon;
				ASSETCATALOG_COMPILER_GLOBAL_ACCENT_COLOR_NAME = AccentColor;
				CODE_SIGN_STYLE = Automatic;
				CURRENT_PROJECT_VERSION = 1;
				DEVELOPMENT_ASSET_PATHS = "\"Bloom/Preview Content\"";
				DEVELOPMENT_TEAM = 2527F2XBY8;
				ENABLE_PREVIEWS = YES;
				GENERATE_INFOPLIST_FILE = YES;
				INFOPLIST_FILE = Bloom/Info.plist;
				INFOPLIST_KEY_NSBluetoothAlwaysUsageDescription = "We use bluetooth for peripheral lights";
				INFOPLIST_KEY_UIApplicationSceneManifest_Generation = YES;
				INFOPLIST_KEY_UIApplicationSupportsIndirectInputEvents = YES;
				INFOPLIST_KEY_UIRequiredDeviceCapabilities = armv7;
				INFOPLIST_KEY_UISupportedInterfaceOrientations = "UIInterfaceOrientationPortrait UIInterfaceOrientationLandscapeLeft UIInterfaceOrientationLandscapeRight";
				INFOPLIST_KEY_UISupportedInterfaceOrientations_iPad = "UIInterfaceOrientationPortrait UIInterfaceOrientationPortraitUpsideDown UIInterfaceOrientationLandscapeLeft UIInterfaceOrientationLandscapeRight";
				INFOPLIST_KEY_UISupportedInterfaceOrientations_iPhone = "UIInterfaceOrientationPortrait UIInterfaceOrientationLandscapeLeft UIInterfaceOrientationLandscapeRight";
				INFOPLIST_KEY_UIUserInterfaceStyle = Light;
				IPHONEOS_DEPLOYMENT_TARGET = 14.0;
				LD_RUNPATH_SEARCH_PATHS = (
					"$(inherited)",
					"@executable_path/Frameworks",
				);
				MARKETING_VERSION = 1.0;
				PRODUCT_BUNDLE_IDENTIFIER = gcerpa.Bloom;
				PRODUCT_NAME = "$(TARGET_NAME)";
				SWIFT_EMIT_LOC_STRINGS = YES;
				SWIFT_VERSION = 5.0;
				TARGETED_DEVICE_FAMILY = "1,2";
			};
			name = Release;
		};
/* End XCBuildConfiguration section */

/* Begin XCConfigurationList section */
		2E22CF932713AE370014A340 /* Build configuration list for PBXProject "Bloom" */ = {
			isa = XCConfigurationList;
			buildConfigurations = (
				2E22CFA42713AE380014A340 /* Debug */,
				2E22CFA52713AE380014A340 /* Release */,
			);
			defaultConfigurationIsVisible = 0;
			defaultConfigurationName = Release;
		};
		2E22CFA62713AE380014A340 /* Build configuration list for PBXNativeTarget "Bloom" */ = {
			isa = XCConfigurationList;
			buildConfigurations = (
				2E22CFA72713AE380014A340 /* Debug */,
				2E22CFA82713AE380014A340 /* Release */,
			);
			defaultConfigurationIsVisible = 0;
			defaultConfigurationName = Release;
		};
/* End XCConfigurationList section */
	};
	rootObject = 2E22CF902713AE370014A340 /* Project object */;
}
